
Microsoft Visual Studio Solution File, Format Version 12.00
# Visual Studio Version 17
VisualStudioVersion = 17.11.35303.130
MinimumVisualStudioVersion = 10.0.40219.1
Project("{FAE04EC0-301F-11D3-BF4B-00C04F79EFBC}") = "CHAT_APP_CLIENT", "CHAT_APP_CLIENT.csproj", "{EE9D840E-D6DD-4DF8-9AE0-1E7010CD78A2}"
EndProject
Project("{FAE04EC0-301F-11D3-BF4B-00C04F79EFBC}") = "SERVER_SIDE", "..\WebApplication1\SERVER_SIDE.csproj", "{3BF040BC-91D3-46FE-8930-6FB4A8B3C48F}"
EndProject
Global
	GlobalSection(SolutionConfigurationPlatforms) = preSolution
		Debug|Any CPU = Debug|Any CPU
		Release|Any CPU = Release|Any CPU
	EndGlobalSection
	GlobalSection(ProjectConfigurationPlatforms) = postSolution
		{EE9D840E-D6DD-4DF8-9AE0-1E7010CD78A2}.Debug|Any CPU.ActiveCfg = Debug|Any CPU
		{EE9D840E-D6DD-4DF8-9AE0-1E7010CD78A2}.Debug|Any CPU.Build.0 = Debug|Any CPU
		{EE9D840E-D6DD-4DF8-9AE0-1E7010CD78A2}.Release|Any CPU.ActiveCfg = Release|Any CPU
		{EE9D840E-D6DD-4DF8-9AE0-1E7010CD78A2}.Release|Any CPU.Build.0 = Release|Any CPU
		{3BF040BC-91D3-46FE-8930-6FB4A8B3C48F}.Debug|Any CPU.ActiveCfg = Debug|Any CPU
		{3BF040BC-91D3-46FE-8930-6FB4A8B3C48F}.Debug|Any CPU.Build.0 = Debug|Any CPU
		{3BF040BC-91D3-46FE-8930-6FB4A8B3C48F}.Release|Any CPU.ActiveCfg = Release|Any CPU
		{3BF040BC-91D3-46FE-8930-6FB4A8B3C48F}.Release|Any CPU.Build.0 = Release|Any CPU
	EndGlobalSection
	GlobalSection(SolutionProperties) = preSolution
		HideSolutionNode = FALSE
	EndGlobalSection
	GlobalSection(ExtensibilityGlobals) = postSolution
		SolutionGuid = {68F44F4D-6061-44DF-B1CE-A0DA72AD2686}
	EndGlobalSection
EndGlobal
